{
  "originHash" : "dc47db0c9a188e6b855f7a79bba68ea11fd39e58622341ed7e7b66fd5ed252e8",
  "pins" : [
    {
      "identity" : "gzipswift",
      "kind" : "remoteSourceControl",
      "location" : "https://github.com/1024jp/GzipSwift.git",
      "state" : {
        "revision" : "56bf51fdd2fe4b2cf254b2cf34aede3d7caccc6c",
        "version" : "6.1.0"
      }
    },
    {
      "identity" : "kingfisher",
      "kind" : "remoteSourceControl",
      "location" : "https://github.com/onevcat/Kingfisher.git",
      "state" : {
        "revision" : "d30a5fad881137e2267f96a8e3fc35c58999bb94",
        "version" : "8.6.2"
      }
    },
    {
      "identity" : "swiftlintplugins",
      "kind" : "remoteSourceControl",
      "location" : "https://github.com/SimplyDanny/SwiftLintPlugins",
      "state" : {
        "revision" : "c099f18417c53548134830b11669b96ed9801971",
        "version" : "0.63.1"
      }
    },
    {
      "identity" : "translationkit",
      "kind" : "remoteSourceControl",
      "location" : "https://github.com/Eslzzyl/TranslationKit.git",
      "state" : {
        "branch" : "master",
        "revision" : "66e58c1eb0362acde4e19ff4856c49341cdaf4d9"
      }
    },
    {
      "identity" : "zipfoundation",
      "kind" : "remoteSourceControl",
      "location" : "https://github.com/weichsel/ZIPFoundation.git",
      "state" : {
        "revision" : "22787ffb59de99e5dc1fbfe80b19c97a904ad48d",
        "version" : "0.9.20"
      }
    }
  ],
  "version" : 3
}
