{
  "originHash" : "4287422e5644cf594599aa4ad20f9c8afdb6bcfc37f37795aba48ab2056c7f27",
  "pins" : [
    {
      "identity" : "gzipswift",
      "kind" : "remoteSourceControl",
      "location" : "https://github.com/1024jp/GzipSwift.git",
      "state" : {
        "revision" : "56bf51fdd2fe4b2cf254b2cf34aede3d7caccc6c",
        "version" : "6.1.0"
      }
    },
    {
      "identity" : "kingfisher",
      "kind" : "remoteSourceControl",
      "location" : "https://github.com/onevcat/Kingfisher.git",
      "state" : {
        "revision" : "d30a5fad881137e2267f96a8e3fc35c58999bb94",
        "version" : "8.6.2"
      }
    },
    {
      "identity" : "translationkit",
      "kind" : "remoteSourceControl",
      "location" : "https://github.com/Eslzzyl/TranslationKit.git",
      "state" : {
        "branch" : "master",
        "revision" : "f9f65d4b63b5eebd6f5c1d2ca1029ffe79379af3"
      }
    }
  ],
  "version" : 3
}
